
Microsoft Visual Studio Solution File, Format Version 12.00
# Visual Studio 2012
Project("{FAE04EC0-301F-11D3-BF4B-00C04F79EFBC}") = "FileManager", "FileManager\FileManager.csproj", "{50C05B56-9CD7-4B69-9AE5-590AAE783EBF}"
EndProject
Global
	GlobalSection(SolutionConfigurationPlatforms) = preSolution
		Debug|x86 = Debug|x86
		Release|x86 = Release|x86
	EndGlobalSection
	GlobalSection(ProjectConfigurationPlatforms) = postSolution
		{50C05B56-9CD7-4B69-9AE5-590AAE783EBF}.Debug|x86.ActiveCfg = Debug|x86
		{50C05B56-9CD7-4B69-9AE5-590AAE783EBF}.Debug|x86.Build.0 = Debug|x86
		{50C05B56-9CD7-4B69-9AE5-590AAE783EBF}.Release|x86.ActiveCfg = Release|x86
		{50C05B56-9CD7-4B69-9AE5-590AAE783EBF}.Release|x86.Build.0 = Release|x86
	EndGlobalSection
EndGlobal
